
Microsoft Visual Studio Solution File, Format Version 12.00
# Visual Studio Version 16
VisualStudioVersion = 16.0.30523.141
MinimumVisualStudioVersion = 10.0.40219.1
Project("{FAE04EC0-301F-11D3-BF4B-00C04F79EFBC}") = "pr1", "pr1\pr1.csproj", "{0974DE08-E447-44BA-B4B3-08FE3B08E730}"
EndProject
Global
	GlobalSection(SolutionConfigurationPlatforms) = preSolution
		Debug|Any CPU = Debug|Any CPU
		Release|Any CPU = Release|Any CPU
	EndGlobalSection
	GlobalSection(ProjectConfigurationPlatforms) = postSolution
		{0974DE08-E447-44BA-B4B3-08FE3B08E730}.Debug|Any CPU.ActiveCfg = Debug|Any CPU
		{0974DE08-E447-44BA-B4B3-08FE3B08E730}.Debug|Any CPU.Build.0 = Debug|Any CPU
		{0974DE08-E447-44BA-B4B3-08FE3B08E730}.Release|Any CPU.ActiveCfg = Release|Any CPU
		{0974DE08-E447-44BA-B4B3-08FE3B08E730}.Release|Any CPU.Build.0 = Release|Any CPU
	EndGlobalSection
	GlobalSection(SolutionProperties) = preSolution
		HideSolutionNode = FALSE
	EndGlobalSection
	GlobalSection(ExtensibilityGlobals) = postSolution
		SolutionGuid = {44C2F5F0-CEDF-472F-B7C6-A4954B3A3066}
	EndGlobalSection
EndGlobal
